
Microsoft Visual Studio Solution File, Format Version 12.00
# Visual Studio 15
VisualStudioVersion = 15.0.28307.572
MinimumVisualStudioVersion = 10.0.40219.1
Project("{FAE04EC0-301F-11D3-BF4B-00C04F79EFBC}") = "TPVersao4", "TPVersao4\TPVersao4.csproj", "{750BD5DB-DEDC-4965-B261-7ACB024AD6E7}"
EndProject
Global
	GlobalSection(SolutionConfigurationPlatforms) = preSolution
		Debug|Any CPU = Debug|Any CPU
		Release|Any CPU = Release|Any CPU
	EndGlobalSection
	GlobalSection(ProjectConfigurationPlatforms) = postSolution
		{750BD5DB-DEDC-4965-B261-7ACB024AD6E7}.Debug|Any CPU.ActiveCfg = Debug|Any CPU
		{750BD5DB-DEDC-4965-B261-7ACB024AD6E7}.Debug|Any CPU.Build.0 = Debug|Any CPU
		{750BD5DB-DEDC-4965-B261-7ACB024AD6E7}.Release|Any CPU.ActiveCfg = Release|Any CPU
		{750BD5DB-DEDC-4965-B261-7ACB024AD6E7}.Release|Any CPU.Build.0 = Release|Any CPU
	EndGlobalSection
	GlobalSection(SolutionProperties) = preSolution
		HideSolutionNode = FALSE
	EndGlobalSection
	GlobalSection(ExtensibilityGlobals) = postSolution
		SolutionGuid = {01575597-474D-4407-A8C9-BC13137B87C8}
	EndGlobalSection
EndGlobal
